
Microsoft Visual Studio Solution File, Format Version 12.00
# Visual Studio Version 17
VisualStudioVersion = 17.2.32602.215
MinimumVisualStudioVersion = 10.0.40219.1
Project("{9A19103F-16F7-4668-BE54-9A1E7A4F7556}") = "Tasks.Reminders", "Tasks.Reminders\Tasks.Reminders.csproj", "{F5EBB2B6-0907-41E4-A117-64B834728847}"
EndProject
Project("{9A19103F-16F7-4668-BE54-9A1E7A4F7556}") = "Tasks.Api", "Tasks.Api\Tasks.Api.csproj", "{2078D37A-95A5-4997-A042-E99843D086C8}"
EndProject
Project("{9A19103F-16F7-4668-BE54-9A1E7A4F7556}") = "Tasks", "Tasks\Tasks.csproj", "{16F8747B-AD7F-4F03-9AF5-08E98C8C34AA}"
EndProject
Project("{9A19103F-16F7-4668-BE54-9A1E7A4F7556}") = "Tasks.WpfUi", "Tasks.WpfUi\Tasks.WpfUi.csproj", "{006C229F-E447-41E0-B515-F0AFDF3E8D47}"
EndProject
Project("{9A19103F-16F7-4668-BE54-9A1E7A4F7556}") = "Tasks.Service", "Tasks.Service\Tasks.Service.csproj", "{585B1C86-0558-4454-879A-BEA287D59EC5}"
EndProject
Project("{FAE04EC0-301F-11D3-BF4B-00C04F79EFBC}") = "Tasks.Cli", "Tasks.Cli\Tasks.Cli.csproj", "{E50D7C97-A3B6-48A8-AE6D-8A761728C8DD}"
EndProject
Global
	GlobalSection(SolutionConfigurationPlatforms) = preSolution
		Debug|Any CPU = Debug|Any CPU
		Release|Any CPU = Release|Any CPU
	EndGlobalSection
	GlobalSection(ProjectConfigurationPlatforms) = postSolution
		{F5EBB2B6-0907-41E4-A117-64B834728847}.Debug|Any CPU.ActiveCfg = Debug|Any CPU
		{F5EBB2B6-0907-41E4-A117-64B834728847}.Debug|Any CPU.Build.0 = Debug|Any CPU
		{F5EBB2B6-0907-41E4-A117-64B834728847}.Release|Any CPU.ActiveCfg = Release|Any CPU
		{F5EBB2B6-0907-41E4-A117-64B834728847}.Release|Any CPU.Build.0 = Release|Any CPU
		{2078D37A-95A5-4997-A042-E99843D086C8}.Debug|Any CPU.ActiveCfg = Debug|Any CPU
		{2078D37A-95A5-4997-A042-E99843D086C8}.Debug|Any CPU.Build.0 = Debug|Any CPU
		{2078D37A-95A5-4997-A042-E99843D086C8}.Release|Any CPU.ActiveCfg = Release|Any CPU
		{2078D37A-95A5-4997-A042-E99843D086C8}.Release|Any CPU.Build.0 = Release|Any CPU
		{16F8747B-AD7F-4F03-9AF5-08E98C8C34AA}.Debug|Any CPU.ActiveCfg = Debug|Any CPU
		{16F8747B-AD7F-4F03-9AF5-08E98C8C34AA}.Debug|Any CPU.Build.0 = Debug|Any CPU
		{16F8747B-AD7F-4F03-9AF5-08E98C8C34AA}.Release|Any CPU.ActiveCfg = Release|Any CPU
		{16F8747B-AD7F-4F03-9AF5-08E98C8C34AA}.Release|Any CPU.Build.0 = Release|Any CPU
		{006C229F-E447-41E0-B515-F0AFDF3E8D47}.Debug|Any CPU.ActiveCfg = Debug|Any CPU
		{006C229F-E447-41E0-B515-F0AFDF3E8D47}.Debug|Any CPU.Build.0 = Debug|Any CPU
		{006C229F-E447-41E0-B515-F0AFDF3E8D47}.Release|Any CPU.ActiveCfg = Release|Any CPU
		{006C229F-E447-41E0-B515-F0AFDF3E8D47}.Release|Any CPU.Build.0 = Release|Any CPU
		{585B1C86-0558-4454-879A-BEA287D59EC5}.Debug|Any CPU.ActiveCfg = Debug|Any CPU
		{585B1C86-0558-4454-879A-BEA287D59EC5}.Debug|Any CPU.Build.0 = Debug|Any CPU
		{585B1C86-0558-4454-879A-BEA287D59EC5}.Release|Any CPU.ActiveCfg = Release|Any CPU
		{585B1C86-0558-4454-879A-BEA287D59EC5}.Release|Any CPU.Build.0 = Release|Any CPU
		{E50D7C97-A3B6-48A8-AE6D-8A761728C8DD}.Debug|Any CPU.ActiveCfg = Debug|Any CPU
		{E50D7C97-A3B6-48A8-AE6D-8A761728C8DD}.Debug|Any CPU.Build.0 = Debug|Any CPU
		{E50D7C97-A3B6-48A8-AE6D-8A761728C8DD}.Release|Any CPU.ActiveCfg = Release|Any CPU
		{E50D7C97-A3B6-48A8-AE6D-8A761728C8DD}.Release|Any CPU.Build.0 = Release|Any CPU
	EndGlobalSection
	GlobalSection(SolutionProperties) = preSolution
		HideSolutionNode = FALSE
	EndGlobalSection
	GlobalSection(ExtensibilityGlobals) = postSolution
		SolutionGuid = {C61F50B6-A2EA-4D17-BD07-047B1458F08B}
	EndGlobalSection
EndGlobal
