
Microsoft Visual Studio Solution File, Format Version 12.00
# Visual Studio Version 17
VisualStudioVersion = 17.2.32602.215
MinimumVisualStudioVersion = 10.0.40219.1
Project("{9A19103F-16F7-4668-BE54-9A1E7A4F7556}") = "Tasks.Domain", "Tasks.Domain\Tasks.Domain.csproj", "{79A7F763-C073-45FE-8B3B-C87785FEBA76}"
EndProject
Project("{9A19103F-16F7-4668-BE54-9A1E7A4F7556}") = "Tasks.CustomAttributes", "Tasks.CustomAttributes\Tasks.CustomAttributes.csproj", "{192D6004-857B-4289-8A47-F2103D5C257A}"
EndProject
Project("{9A19103F-16F7-4668-BE54-9A1E7A4F7556}") = "Tasks.Validation", "Tasks.Validation\Tasks.Validation.csproj", "{8DA5BB15-F845-4B13-BC04-60612DBA8188}"
EndProject
Project("{9A19103F-16F7-4668-BE54-9A1E7A4F7556}") = "Tasks.Security", "Tasks.Security\Tasks.Security.csproj", "{8076FE24-5E0D-4923-8BB0-265FFF4D9950}"
EndProject
Project("{9A19103F-16F7-4668-BE54-9A1E7A4F7556}") = "Tasks.Repositories", "Tasks.Repositories\Tasks.Repositories.csproj", "{C0966145-02E4-4BAD-A41B-0AFE4BEE9034}"
EndProject
Project("{9A19103F-16F7-4668-BE54-9A1E7A4F7556}") = "Tasks.Services", "Tasks.Services\Tasks.Services.csproj", "{DA39B392-BF53-4895-8C84-8529D333B249}"
EndProject
Project("{9A19103F-16F7-4668-BE54-9A1E7A4F7556}") = "Tasks.Configurations", "Tasks.Configurations\Tasks.Configurations.csproj", "{F0818322-3050-4A6F-9CD4-B99C14645658}"
EndProject
Project("{9A19103F-16F7-4668-BE54-9A1E7A4F7556}") = "Tasks.Mappers", "Tasks.Mappers\Tasks.Mappers.csproj", "{A2E171AB-C228-48D4-92F3-DF867D8F39E1}"
EndProject
Project("{9A19103F-16F7-4668-BE54-9A1E7A4F7556}") = "Tasks.SQL", "Tasks.SQL\Tasks.SQL.csproj", "{8DD27C08-CA1B-4FD7-AAFD-DFB62987EA1F}"
EndProject
Project("{9A19103F-16F7-4668-BE54-9A1E7A4F7556}") = "Tasks.Email", "Tasks.Email\Tasks.Email.csproj", "{F15CD525-0BAD-4DDF-B9DA-F12AF5BCE4AF}"
EndProject
Project("{9A19103F-16F7-4668-BE54-9A1E7A4F7556}") = "Tasks.Auth", "Tasks.Auth\Tasks.Auth.csproj", "{C122CC21-7700-4C28-8E8C-1DA643980DD3}"
EndProject
Project("{9A19103F-16F7-4668-BE54-9A1E7A4F7556}") = "Tasks.Reminders", "Tasks.Reminders\Tasks.Reminders.csproj", "{F5EBB2B6-0907-41E4-A117-64B834728847}"
EndProject
Project("{9A19103F-16F7-4668-BE54-9A1E7A4F7556}") = "Tasks.Errors", "Tasks.Errors\Tasks.Errors.csproj", "{3FA0F2CF-D21F-4D39-BD0A-A711CAA687CA}"
EndProject
Project("{9A19103F-16F7-4668-BE54-9A1E7A4F7556}") = "Tasks.Api", "Tasks.Api\Tasks.Api.csproj", "{2078D37A-95A5-4997-A042-E99843D086C8}"
EndProject
Project("{9A19103F-16F7-4668-BE54-9A1E7A4F7556}") = "Tasks", "Tasks\Tasks.csproj", "{16F8747B-AD7F-4F03-9AF5-08E98C8C34AA}"
EndProject
Project("{9A19103F-16F7-4668-BE54-9A1E7A4F7556}") = "Tasks.Wpf", "Tasks.Wpf\Tasks.Wpf.csproj", "{48674FFA-9F58-4FEC-BA26-75E087EFD35A}"
EndProject
Project("{9A19103F-16F7-4668-BE54-9A1E7A4F7556}") = "Tasks.DependenciesInjector", "Tasks.DependenciesInjector\Tasks.DependenciesInjector.csproj", "{F2E065C5-7515-415D-AC7A-FD9BBA2051C3}"
EndProject
Global
	GlobalSection(SolutionConfigurationPlatforms) = preSolution
		Debug|Any CPU = Debug|Any CPU
		Release|Any CPU = Release|Any CPU
	EndGlobalSection
	GlobalSection(ProjectConfigurationPlatforms) = postSolution
		{79A7F763-C073-45FE-8B3B-C87785FEBA76}.Debug|Any CPU.ActiveCfg = Debug|Any CPU
		{79A7F763-C073-45FE-8B3B-C87785FEBA76}.Debug|Any CPU.Build.0 = Debug|Any CPU
		{79A7F763-C073-45FE-8B3B-C87785FEBA76}.Release|Any CPU.ActiveCfg = Release|Any CPU
		{79A7F763-C073-45FE-8B3B-C87785FEBA76}.Release|Any CPU.Build.0 = Release|Any CPU
		{192D6004-857B-4289-8A47-F2103D5C257A}.Debug|Any CPU.ActiveCfg = Debug|Any CPU
		{192D6004-857B-4289-8A47-F2103D5C257A}.Debug|Any CPU.Build.0 = Debug|Any CPU
		{192D6004-857B-4289-8A47-F2103D5C257A}.Release|Any CPU.ActiveCfg = Release|Any CPU
		{192D6004-857B-4289-8A47-F2103D5C257A}.Release|Any CPU.Build.0 = Release|Any CPU
		{8DA5BB15-F845-4B13-BC04-60612DBA8188}.Debug|Any CPU.ActiveCfg = Debug|Any CPU
		{8DA5BB15-F845-4B13-BC04-60612DBA8188}.Debug|Any CPU.Build.0 = Debug|Any CPU
		{8DA5BB15-F845-4B13-BC04-60612DBA8188}.Release|Any CPU.ActiveCfg = Release|Any CPU
		{8DA5BB15-F845-4B13-BC04-60612DBA8188}.Release|Any CPU.Build.0 = Release|Any CPU
		{8076FE24-5E0D-4923-8BB0-265FFF4D9950}.Debug|Any CPU.ActiveCfg = Debug|Any CPU
		{8076FE24-5E0D-4923-8BB0-265FFF4D9950}.Debug|Any CPU.Build.0 = Debug|Any CPU
		{8076FE24-5E0D-4923-8BB0-265FFF4D9950}.Release|Any CPU.ActiveCfg = Release|Any CPU
		{8076FE24-5E0D-4923-8BB0-265FFF4D9950}.Release|Any CPU.Build.0 = Release|Any CPU
		{C0966145-02E4-4BAD-A41B-0AFE4BEE9034}.Debug|Any CPU.ActiveCfg = Debug|Any CPU
		{C0966145-02E4-4BAD-A41B-0AFE4BEE9034}.Debug|Any CPU.Build.0 = Debug|Any CPU
		{C0966145-02E4-4BAD-A41B-0AFE4BEE9034}.Release|Any CPU.ActiveCfg = Release|Any CPU
		{C0966145-02E4-4BAD-A41B-0AFE4BEE9034}.Release|Any CPU.Build.0 = Release|Any CPU
		{DA39B392-BF53-4895-8C84-8529D333B249}.Debug|Any CPU.ActiveCfg = Debug|Any CPU
		{DA39B392-BF53-4895-8C84-8529D333B249}.Debug|Any CPU.Build.0 = Debug|Any CPU
		{DA39B392-BF53-4895-8C84-8529D333B249}.Release|Any CPU.ActiveCfg = Release|Any CPU
		{DA39B392-BF53-4895-8C84-8529D333B249}.Release|Any CPU.Build.0 = Release|Any CPU
		{F0818322-3050-4A6F-9CD4-B99C14645658}.Debug|Any CPU.ActiveCfg = Debug|Any CPU
		{F0818322-3050-4A6F-9CD4-B99C14645658}.Debug|Any CPU.Build.0 = Debug|Any CPU
		{F0818322-3050-4A6F-9CD4-B99C14645658}.Release|Any CPU.ActiveCfg = Release|Any CPU
		{F0818322-3050-4A6F-9CD4-B99C14645658}.Release|Any CPU.Build.0 = Release|Any CPU
		{A2E171AB-C228-48D4-92F3-DF867D8F39E1}.Debug|Any CPU.ActiveCfg = Debug|Any CPU
		{A2E171AB-C228-48D4-92F3-DF867D8F39E1}.Debug|Any CPU.Build.0 = Debug|Any CPU
		{A2E171AB-C228-48D4-92F3-DF867D8F39E1}.Release|Any CPU.ActiveCfg = Release|Any CPU
		{A2E171AB-C228-48D4-92F3-DF867D8F39E1}.Release|Any CPU.Build.0 = Release|Any CPU
		{8DD27C08-CA1B-4FD7-AAFD-DFB62987EA1F}.Debug|Any CPU.ActiveCfg = Debug|Any CPU
		{8DD27C08-CA1B-4FD7-AAFD-DFB62987EA1F}.Debug|Any CPU.Build.0 = Debug|Any CPU
		{8DD27C08-CA1B-4FD7-AAFD-DFB62987EA1F}.Release|Any CPU.ActiveCfg = Release|Any CPU
		{8DD27C08-CA1B-4FD7-AAFD-DFB62987EA1F}.Release|Any CPU.Build.0 = Release|Any CPU
		{F15CD525-0BAD-4DDF-B9DA-F12AF5BCE4AF}.Debug|Any CPU.ActiveCfg = Debug|Any CPU
		{F15CD525-0BAD-4DDF-B9DA-F12AF5BCE4AF}.Debug|Any CPU.Build.0 = Debug|Any CPU
		{F15CD525-0BAD-4DDF-B9DA-F12AF5BCE4AF}.Release|Any CPU.ActiveCfg = Release|Any CPU
		{F15CD525-0BAD-4DDF-B9DA-F12AF5BCE4AF}.Release|Any CPU.Build.0 = Release|Any CPU
		{C122CC21-7700-4C28-8E8C-1DA643980DD3}.Debug|Any CPU.ActiveCfg = Debug|Any CPU
		{C122CC21-7700-4C28-8E8C-1DA643980DD3}.Debug|Any CPU.Build.0 = Debug|Any CPU
		{C122CC21-7700-4C28-8E8C-1DA643980DD3}.Release|Any CPU.ActiveCfg = Release|Any CPU
		{C122CC21-7700-4C28-8E8C-1DA643980DD3}.Release|Any CPU.Build.0 = Release|Any CPU
		{F5EBB2B6-0907-41E4-A117-64B834728847}.Debug|Any CPU.ActiveCfg = Debug|Any CPU
		{F5EBB2B6-0907-41E4-A117-64B834728847}.Debug|Any CPU.Build.0 = Debug|Any CPU
		{F5EBB2B6-0907-41E4-A117-64B834728847}.Release|Any CPU.ActiveCfg = Release|Any CPU
		{F5EBB2B6-0907-41E4-A117-64B834728847}.Release|Any CPU.Build.0 = Release|Any CPU
		{3FA0F2CF-D21F-4D39-BD0A-A711CAA687CA}.Debug|Any CPU.ActiveCfg = Debug|Any CPU
		{3FA0F2CF-D21F-4D39-BD0A-A711CAA687CA}.Debug|Any CPU.Build.0 = Debug|Any CPU
		{3FA0F2CF-D21F-4D39-BD0A-A711CAA687CA}.Release|Any CPU.ActiveCfg = Release|Any CPU
		{3FA0F2CF-D21F-4D39-BD0A-A711CAA687CA}.Release|Any CPU.Build.0 = Release|Any CPU
		{2078D37A-95A5-4997-A042-E99843D086C8}.Debug|Any CPU.ActiveCfg = Debug|Any CPU
		{2078D37A-95A5-4997-A042-E99843D086C8}.Debug|Any CPU.Build.0 = Debug|Any CPU
		{2078D37A-95A5-4997-A042-E99843D086C8}.Release|Any CPU.ActiveCfg = Release|Any CPU
		{2078D37A-95A5-4997-A042-E99843D086C8}.Release|Any CPU.Build.0 = Release|Any CPU
		{16F8747B-AD7F-4F03-9AF5-08E98C8C34AA}.Debug|Any CPU.ActiveCfg = Debug|Any CPU
		{16F8747B-AD7F-4F03-9AF5-08E98C8C34AA}.Debug|Any CPU.Build.0 = Debug|Any CPU
		{16F8747B-AD7F-4F03-9AF5-08E98C8C34AA}.Release|Any CPU.ActiveCfg = Release|Any CPU
		{16F8747B-AD7F-4F03-9AF5-08E98C8C34AA}.Release|Any CPU.Build.0 = Release|Any CPU
		{48674FFA-9F58-4FEC-BA26-75E087EFD35A}.Debug|Any CPU.ActiveCfg = Debug|Any CPU
		{48674FFA-9F58-4FEC-BA26-75E087EFD35A}.Debug|Any CPU.Build.0 = Debug|Any CPU
		{48674FFA-9F58-4FEC-BA26-75E087EFD35A}.Release|Any CPU.ActiveCfg = Release|Any CPU
		{48674FFA-9F58-4FEC-BA26-75E087EFD35A}.Release|Any CPU.Build.0 = Release|Any CPU
		{F2E065C5-7515-415D-AC7A-FD9BBA2051C3}.Debug|Any CPU.ActiveCfg = Debug|Any CPU
		{F2E065C5-7515-415D-AC7A-FD9BBA2051C3}.Debug|Any CPU.Build.0 = Debug|Any CPU
		{F2E065C5-7515-415D-AC7A-FD9BBA2051C3}.Release|Any CPU.ActiveCfg = Release|Any CPU
		{F2E065C5-7515-415D-AC7A-FD9BBA2051C3}.Release|Any CPU.Build.0 = Release|Any CPU
	EndGlobalSection
	GlobalSection(SolutionProperties) = preSolution
		HideSolutionNode = FALSE
	EndGlobalSection
	GlobalSection(ExtensibilityGlobals) = postSolution
		SolutionGuid = {C61F50B6-A2EA-4D17-BD07-047B1458F08B}
	EndGlobalSection
EndGlobal
