
Microsoft Visual Studio Solution File, Format Version 12.00
# Visual Studio Version 17
VisualStudioVersion = 17.2.32602.215
MinimumVisualStudioVersion = 10.0.40219.1
Project("{9A19103F-16F7-4668-BE54-9A1E7A4F7556}") = "Tasks", "Tasks\Tasks.csproj", "{87A7FAF8-C81C-498E-931D-EAF221B731C8}"
EndProject
Project("{FAE04EC0-301F-11D3-BF4B-00C04F79EFBC}") = "Other", "Other\Other.csproj", "{38F4FD61-34DD-4C79-BD1A-ECB7D93F2D5A}"
EndProject
Global
	GlobalSection(SolutionConfigurationPlatforms) = preSolution
		Debug|Any CPU = Debug|Any CPU
		Release|Any CPU = Release|Any CPU
	EndGlobalSection
	GlobalSection(ProjectConfigurationPlatforms) = postSolution
		{87A7FAF8-C81C-498E-931D-EAF221B731C8}.Debug|Any CPU.ActiveCfg = Debug|Any CPU
		{87A7FAF8-C81C-498E-931D-EAF221B731C8}.Debug|Any CPU.Build.0 = Debug|Any CPU
		{87A7FAF8-C81C-498E-931D-EAF221B731C8}.Release|Any CPU.ActiveCfg = Release|Any CPU
		{87A7FAF8-C81C-498E-931D-EAF221B731C8}.Release|Any CPU.Build.0 = Release|Any CPU
		{38F4FD61-34DD-4C79-BD1A-ECB7D93F2D5A}.Debug|Any CPU.ActiveCfg = Debug|Any CPU
		{38F4FD61-34DD-4C79-BD1A-ECB7D93F2D5A}.Debug|Any CPU.Build.0 = Debug|Any CPU
		{38F4FD61-34DD-4C79-BD1A-ECB7D93F2D5A}.Release|Any CPU.ActiveCfg = Release|Any CPU
		{38F4FD61-34DD-4C79-BD1A-ECB7D93F2D5A}.Release|Any CPU.Build.0 = Release|Any CPU
	EndGlobalSection
	GlobalSection(SolutionProperties) = preSolution
		HideSolutionNode = FALSE
	EndGlobalSection
	GlobalSection(ExtensibilityGlobals) = postSolution
		SolutionGuid = {C61F50B6-A2EA-4D17-BD07-047B1458F08B}
	EndGlobalSection
EndGlobal
